
Microsoft Visual Studio Solution File, Format Version 12.00
# Visual Studio Version 17
VisualStudioVersion = 17.4.33122.133
MinimumVisualStudioVersion = 10.0.40219.1
Project("{FAE04EC0-301F-11D3-BF4B-00C04F79EFBC}") = "EF-SQL-Server", "EF-SQL-Server.csproj", "{5DFBE267-761B-437E-942E-D803247EFAE6}"
EndProject
Global
	GlobalSection(SolutionConfigurationPlatforms) = preSolution
		Debug|Any CPU = Debug|Any CPU
		Release|Any CPU = Release|Any CPU
	EndGlobalSection
	GlobalSection(ProjectConfigurationPlatforms) = postSolution
		{5DFBE267-761B-437E-942E-D803247EFAE6}.Debug|Any CPU.ActiveCfg = Debug|Any CPU
		{5DFBE267-761B-437E-942E-D803247EFAE6}.Debug|Any CPU.Build.0 = Debug|Any CPU
		{5DFBE267-761B-437E-942E-D803247EFAE6}.Release|Any CPU.ActiveCfg = Release|Any CPU
		{5DFBE267-761B-437E-942E-D803247EFAE6}.Release|Any CPU.Build.0 = Release|Any CPU
	EndGlobalSection
	GlobalSection(SolutionProperties) = preSolution
		HideSolutionNode = FALSE
	EndGlobalSection
	GlobalSection(ExtensibilityGlobals) = postSolution
		SolutionGuid = {7B3B8D73-189E-4F1B-B762-F697CEE678A4}
	EndGlobalSection
EndGlobal
